
Microsoft Visual Studio Solution File, Format Version 12.00
# Visual Studio Version 17
VisualStudioVersion = 17.2.32519.379
MinimumVisualStudioVersion = 10.0.40219.1
Project("{FAE04EC0-301F-11D3-BF4B-00C04F79EFBC}") = "HM_APIs", "HM_APIs\HM_APIs.csproj", "{72A6A6F1-29A9-4B33-AA20-2FF61E4375F7}"
EndProject
Global
	GlobalSection(SolutionConfigurationPlatforms) = preSolution
		Debug|Any CPU = Debug|Any CPU
		Release|Any CPU = Release|Any CPU
	EndGlobalSection
	GlobalSection(ProjectConfigurationPlatforms) = postSolution
		{72A6A6F1-29A9-4B33-AA20-2FF61E4375F7}.Debug|Any CPU.ActiveCfg = Debug|Any CPU
		{72A6A6F1-29A9-4B33-AA20-2FF61E4375F7}.Debug|Any CPU.Build.0 = Debug|Any CPU
		{72A6A6F1-29A9-4B33-AA20-2FF61E4375F7}.Release|Any CPU.ActiveCfg = Release|Any CPU
		{72A6A6F1-29A9-4B33-AA20-2FF61E4375F7}.Release|Any CPU.Build.0 = Release|Any CPU
	EndGlobalSection
	GlobalSection(SolutionProperties) = preSolution
		HideSolutionNode = FALSE
	EndGlobalSection
	GlobalSection(ExtensibilityGlobals) = postSolution
		SolutionGuid = {13E97EC1-022A-436B-8B4A-2B4FAD4363F9}
	EndGlobalSection
EndGlobal
